github.com/jdowni000/cars v0.0.0-20200123174618-207ebe441981 h1:hNRIwlOAFdg29lA3FnjRMOM4d2SEc6/Pf01rjZMrovg=
github.com/jdowni000/cars v0.0.0-20200123183605-e28aec214475 h1:Q7wCnKGdwTqAUPhb1BoMqqlvkca/DYFlbs+LhWf2Wjs=
github.com/jdowni000/cars v0.0.0-20200123202801-865354866bfa h1:YekS39LfiiBQYjIhqnCHZZo979dDC67k2b4snntGGJU=
